// !$*UTF8*$!
{
	archiveVersion = 1;
	classes = {
	};
	objectVersion = 46;
	objects = {

/* Begin PBXFileReference section */
		99730BC8168F777E0050F1A7 /* iCloud.h */ = {isa = PBXFileReference; lastKnownFileType = sourcecode.c.h; path = iCloud.h; sourceTree = "<group>"; };
		99730BC9168F777E0050F1A7 /* iCloud.m */ = {isa = PBXFileReference; lastKnownFileType = sourcecode.c.objc; path = iCloud.m; sourceTree = "<group>"; };
/* End PBXFileReference section */

/* Begin PBXGroup section */
		99730BBF168F77510050F1A7 = {
			isa = PBXGroup;
			children = (
				99730BC8168F777E0050F1A7 /* iCloud.h */,
				99730BC9168F777E0050F1A7 /* iCloud.m */,
			);
			sourceTree = "<group>";
		};
/* End PBXGroup section */

/* Begin PBXProject section */
		99730BC1168F77510050F1A7 /* Project object */ = {
			isa = PBXProject;
			attributes = {
				LastUpgradeCheck = 0450;
			};
			buildConfigurationList = 99730BC4168F77510050F1A7 /* Build configuration list for PBXProject "iCloud Document Sync" */;
			compatibilityVersion = "Xcode 3.2";
			developmentRegion = English;
			hasScannedForEncodings = 0;
			knownRegions = (
				en,
			);
			mainGroup = 99730BBF168F77510050F1A7;
			productRefGroup = 99730BBF168F77510050F1A7;
			projectDirPath = "";
			projectRoot = "";
			targets = (
			);
		};
/* End PBXProject section */

/* Begin XCBuildConfiguration section */
		99730BC6168F77510050F1A7 /* Debug */ = {
			isa = XCBuildConfiguration;
			buildSettings = {
			};
			name = Debug;
		};
		99730BC7168F77510050F1A7 /* Release */ = {
			isa = XCBuildConfiguration;
			buildSettings = {
			};
			name = Release;
		};
/* End XCBuildConfiguration section */

/* Begin XCConfigurationList section */
		99730BC4168F77510050F1A7 /* Build configuration list for PBXProject "iCloud Document Sync" */ = {
			isa = XCConfigurationList;
			buildConfigurations = (
				99730BC6168F77510050F1A7 /* Debug */,
				99730BC7168F77510050F1A7 /* Release */,
			);
			defaultConfigurationIsVisible = 0;
			defaultConfigurationName = Release;
		};
/* End XCConfigurationList section */
	};
	rootObject = 99730BC1168F77510050F1A7 /* Project object */;
}
