// !$*UTF8*$!
{
	archiveVersion = 1;
	classes = {
	};
	objectVersion = 46;
	objects = {

/* Begin PBXAggregateTarget section */
		9994D1BB16FE3C8400AB071B /* Framework */ = {
			isa = PBXAggregateTarget;
			buildConfigurationList = 9994D1BC16FE3C8400AB071B /* Build configuration list for PBXAggregateTarget "Framework" */;
			buildPhases = (
				9994D1C116FE3CAF00AB071B /* Build Framework */,
				9900581A177F705900EF236B /* Build Documentation */,
			);
			dependencies = (
				9994D1C016FE3C8C00AB071B /* PBXTargetDependency */,
			);
			name = Framework;
			productName = Framework;
		};
/* End PBXAggregateTarget section */

/* Begin PBXBuildFile section */
		9994D1A816FE3ABF00AB071B /* Foundation.framework in Frameworks */ = {isa = PBXBuildFile; fileRef = 9994D1A716FE3ABF00AB071B /* Foundation.framework */; };
		9994D1AD16FE3ABF00AB071B /* iCloud.h in CopyFiles */ = {isa = PBXBuildFile; fileRef = 9994D1AC16FE3ABF00AB071B /* iCloud.h */; };
		9994D1AF16FE3ABF00AB071B /* iCloud.m in Sources */ = {isa = PBXBuildFile; fileRef = 9994D1AE16FE3ABF00AB071B /* iCloud.m */; };
		9994D1B716FE3B3B00AB071B /* iCloudDocument.m in Sources */ = {isa = PBXBuildFile; fileRef = 9994D1B616FE3B3B00AB071B /* iCloudDocument.m */; };
		9994D1B816FE3B7E00AB071B /* iCloudDocument.h in CopyFiles */ = {isa = PBXBuildFile; fileRef = 9994D1B516FE3B3B00AB071B /* iCloudDocument.h */; };
		9994D1C316FE3CF600AB071B /* iCloud.h in Headers */ = {isa = PBXBuildFile; fileRef = 9994D1AC16FE3ABF00AB071B /* iCloud.h */; settings = {ATTRIBUTES = (Public, ); }; };
		9994D1C416FE3CF600AB071B /* iCloudDocument.h in Headers */ = {isa = PBXBuildFile; fileRef = 9994D1B516FE3B3B00AB071B /* iCloudDocument.h */; settings = {ATTRIBUTES = (Public, ); }; };
/* End PBXBuildFile section */

/* Begin PBXContainerItemProxy section */
		9994D1BF16FE3C8C00AB071B /* PBXContainerItemProxy */ = {
			isa = PBXContainerItemProxy;
			containerPortal = 9994D19C16FE3ABF00AB071B /* Project object */;
			proxyType = 1;
			remoteGlobalIDString = 9994D1A316FE3ABF00AB071B;
			remoteInfo = iCloud;
		};
/* End PBXContainerItemProxy section */

/* Begin PBXCopyFilesBuildPhase section */
		9994D1A216FE3ABF00AB071B /* CopyFiles */ = {
			isa = PBXCopyFilesBuildPhase;
			buildActionMask = 2147483647;
			dstPath = "include/${PRODUCT_NAME}";
			dstSubfolderSpec = 16;
			files = (
				9994D1B816FE3B7E00AB071B /* iCloudDocument.h in CopyFiles */,
				9994D1AD16FE3ABF00AB071B /* iCloud.h in CopyFiles */,
			);
			runOnlyForDeploymentPostprocessing = 0;
		};
/* End PBXCopyFilesBuildPhase section */

/* Begin PBXFileReference section */
		99670E021806160E005BC6B7 /* README.md */ = {isa = PBXFileReference; fileEncoding = 4; lastKnownFileType = text; path = README.md; sourceTree = "<group>"; };
		99670E0418061613005BC6B7 /* com.iRareMedia.iCloudSDK.docset */ = {isa = PBXFileReference; lastKnownFileType = wrapper; path = com.iRareMedia.iCloudSDK.docset; sourceTree = "<group>"; };
		99670E0518061613005BC6B7 /* iRareMedia.atom */ = {isa = PBXFileReference; fileEncoding = 4; lastKnownFileType = text; path = iRareMedia.atom; sourceTree = "<group>"; };
		99670E49180622F6005BC6B7 /* CHANGELOG.md */ = {isa = PBXFileReference; fileEncoding = 4; lastKnownFileType = text; path = CHANGELOG.md; sourceTree = "<group>"; };
		99670E4A180622F6005BC6B7 /* LICENSE.md */ = {isa = PBXFileReference; fileEncoding = 4; lastKnownFileType = text; path = LICENSE.md; sourceTree = "<group>"; };
		996A9B7F177C8DCA0030039A /* UIKit.framework */ = {isa = PBXFileReference; lastKnownFileType = wrapper.framework; name = UIKit.framework; path = System/Library/Frameworks/UIKit.framework; sourceTree = SDKROOT; };
		996A9B82177C8DCA0030039A /* CoreGraphics.framework */ = {isa = PBXFileReference; lastKnownFileType = wrapper.framework; name = CoreGraphics.framework; path = System/Library/Frameworks/CoreGraphics.framework; sourceTree = SDKROOT; };
		9994D1A416FE3ABF00AB071B /* libiCloud.a */ = {isa = PBXFileReference; explicitFileType = archive.ar; includeInIndex = 0; path = libiCloud.a; sourceTree = BUILT_PRODUCTS_DIR; };
		9994D1A716FE3ABF00AB071B /* Foundation.framework */ = {isa = PBXFileReference; lastKnownFileType = wrapper.framework; name = Foundation.framework; path = System/Library/Frameworks/Foundation.framework; sourceTree = SDKROOT; };
		9994D1AB16FE3ABF00AB071B /* iCloud-Prefix.pch */ = {isa = PBXFileReference; lastKnownFileType = sourcecode.c.h; path = "iCloud-Prefix.pch"; sourceTree = "<group>"; };
		9994D1AC16FE3ABF00AB071B /* iCloud.h */ = {isa = PBXFileReference; lastKnownFileType = sourcecode.c.h; path = iCloud.h; sourceTree = "<group>"; };
		9994D1AE16FE3ABF00AB071B /* iCloud.m */ = {isa = PBXFileReference; lastKnownFileType = sourcecode.c.objc; path = iCloud.m; sourceTree = "<group>"; };
		9994D1B516FE3B3B00AB071B /* iCloudDocument.h */ = {isa = PBXFileReference; fileEncoding = 4; lastKnownFileType = sourcecode.c.h; path = iCloudDocument.h; sourceTree = "<group>"; };
		9994D1B616FE3B3B00AB071B /* iCloudDocument.m */ = {isa = PBXFileReference; fileEncoding = 4; lastKnownFileType = sourcecode.c.objc; path = iCloudDocument.m; sourceTree = "<group>"; };
/* End PBXFileReference section */

/* Begin PBXFrameworksBuildPhase section */
		9994D1A116FE3ABF00AB071B /* Frameworks */ = {
			isa = PBXFrameworksBuildPhase;
			buildActionMask = 2147483647;
			files = (
				9994D1A816FE3ABF00AB071B /* Foundation.framework in Frameworks */,
			);
			runOnlyForDeploymentPostprocessing = 0;
		};
/* End PBXFrameworksBuildPhase section */

/* Begin PBXGroup section */
		99670E0318061613005BC6B7 /* Documentation */ = {
			isa = PBXGroup;
			children = (
				99670E0418061613005BC6B7 /* com.iRareMedia.iCloudSDK.docset */,
				99670E0518061613005BC6B7 /* iRareMedia.atom */,
			);
			name = Documentation;
			path = ../Documentation;
			sourceTree = "<group>";
		};
		9994D19B16FE3ABF00AB071B = {
			isa = PBXGroup;
			children = (
				99670E021806160E005BC6B7 /* README.md */,
				99670E49180622F6005BC6B7 /* CHANGELOG.md */,
				99670E4A180622F6005BC6B7 /* LICENSE.md */,
				9994D1A916FE3ABF00AB071B /* iCloud */,
				9994D1A616FE3ABF00AB071B /* Frameworks */,
				9994D1A516FE3ABF00AB071B /* Products */,
			);
			sourceTree = "<group>";
		};
		9994D1A516FE3ABF00AB071B /* Products */ = {
			isa = PBXGroup;
			children = (
				9994D1A416FE3ABF00AB071B /* libiCloud.a */,
			);
			name = Products;
			sourceTree = "<group>";
		};
		9994D1A616FE3ABF00AB071B /* Frameworks */ = {
			isa = PBXGroup;
			children = (
				9994D1A716FE3ABF00AB071B /* Foundation.framework */,
				996A9B7F177C8DCA0030039A /* UIKit.framework */,
				996A9B82177C8DCA0030039A /* CoreGraphics.framework */,
			);
			name = Frameworks;
			sourceTree = "<group>";
		};
		9994D1A916FE3ABF00AB071B /* iCloud */ = {
			isa = PBXGroup;
			children = (
				9994D1AC16FE3ABF00AB071B /* iCloud.h */,
				9994D1AE16FE3ABF00AB071B /* iCloud.m */,
				9994D1B516FE3B3B00AB071B /* iCloudDocument.h */,
				9994D1B616FE3B3B00AB071B /* iCloudDocument.m */,
				9994D1AA16FE3ABF00AB071B /* Supporting Files */,
			);
			path = iCloud;
			sourceTree = "<group>";
		};
		9994D1AA16FE3ABF00AB071B /* Supporting Files */ = {
			isa = PBXGroup;
			children = (
				99670E0318061613005BC6B7 /* Documentation */,
				9994D1AB16FE3ABF00AB071B /* iCloud-Prefix.pch */,
			);
			name = "Supporting Files";
			sourceTree = "<group>";
		};
/* End PBXGroup section */

/* Begin PBXHeadersBuildPhase section */
		9994D1C216FE3CEC00AB071B /* Headers */ = {
			isa = PBXHeadersBuildPhase;
			buildActionMask = 2147483647;
			files = (
				9994D1C316FE3CF600AB071B /* iCloud.h in Headers */,
				9994D1C416FE3CF600AB071B /* iCloudDocument.h in Headers */,
			);
			runOnlyForDeploymentPostprocessing = 0;
		};
/* End PBXHeadersBuildPhase section */

/* Begin PBXNativeTarget section */
		9994D1A316FE3ABF00AB071B /* iCloud */ = {
			isa = PBXNativeTarget;
			buildConfigurationList = 9994D1B216FE3ABF00AB071B /* Build configuration list for PBXNativeTarget "iCloud" */;
			buildPhases = (
				9994D1A016FE3ABF00AB071B /* Sources */,
				9994D1A116FE3ABF00AB071B /* Frameworks */,
				9994D1A216FE3ABF00AB071B /* CopyFiles */,
				9994D1C216FE3CEC00AB071B /* Headers */,
				9994D1BA16FE3C5C00AB071B /* Prepare Framework */,
			);
			buildRules = (
			);
			dependencies = (
			);
			name = iCloud;
			productName = iCloud;
			productReference = 9994D1A416FE3ABF00AB071B /* libiCloud.a */;
			productType = "com.apple.product-type.library.static";
		};
/* End PBXNativeTarget section */

/* Begin PBXProject section */
		9994D19C16FE3ABF00AB071B /* Project object */ = {
			isa = PBXProject;
			attributes = {
				LastUpgradeCheck = 0460;
				ORGANIZATIONNAME = "iRare Media";
			};
			buildConfigurationList = 9994D19F16FE3ABF00AB071B /* Build configuration list for PBXProject "iCloud" */;
			compatibilityVersion = "Xcode 3.2";
			developmentRegion = English;
			hasScannedForEncodings = 0;
			knownRegions = (
				en,
			);
			mainGroup = 9994D19B16FE3ABF00AB071B;
			productRefGroup = 9994D1A516FE3ABF00AB071B /* Products */;
			projectDirPath = "";
			projectRoot = "";
			targets = (
				9994D1A316FE3ABF00AB071B /* iCloud */,
				9994D1BB16FE3C8400AB071B /* Framework */,
			);
		};
/* End PBXProject section */

/* Begin PBXShellScriptBuildPhase section */
		9900581A177F705900EF236B /* Build Documentation */ = {
			isa = PBXShellScriptBuildPhase;
			buildActionMask = 2147483647;
			files = (
			);
			inputPaths = (
			);
			name = "Build Documentation";
			outputPaths = (
			);
			runOnlyForDeploymentPostprocessing = 0;
			shellPath = /bin/sh;
			shellScript = "# Start constants\ncompany=\"iRare Media\";\ncompanyID=\"com.iRareMedia\";\ncompanyURL=\"http://www.iRareMedia.com\";\ngitHubURL=\"https://github.com/iRareMedia/iCloudDocumentSync\";\nversion=\"6.4.1\";\ntarget=\"iphoneos\";\n#target=\"macosx\";\noutputPath=\"${BUILT_PRODUCTS_DIR}\";#\"~/help\";\n# End constants\n/usr/local/bin/appledoc \\\n--project-name \"${PROJECT_NAME}SDK\" \\\n--project-company \"${company}\" \\\n--project-version \"${version}\" \\\n--company-id \"${companyID}\" \\\n--docset-atom-filename \"iRareMedia.atom\" \\\n--docset-feed-url \"${gitHubURL}/%DOCSETATOMFILENAME\" \\\n--docset-package-url \"${gitHubURL}/%DOCSETPACKAGEFILENAME\" \\\n--docset-fallback-url \"${gitHubURL}\" \\\n--output \"${outputPath}\" \\\n--publish-docset \\\n--docset-platform-family \"${target}\" \\\n--logformat xcode \\\n--keep-intermediate-files \\\n--no-repeat-first-par \\\n--no-warn-invalid-crossref \\\n--ignore \"*.m\" \\\n--exit-threshold 2 \\\n\"${PROJECT_DIR}\"";
		};
		9994D1BA16FE3C5C00AB071B /* Prepare Framework */ = {
			isa = PBXShellScriptBuildPhase;
			buildActionMask = 2147483647;
			files = (
			);
			inputPaths = (
			);
			name = "Prepare Framework";
			outputPaths = (
			);
			runOnlyForDeploymentPostprocessing = 0;
			shellPath = /bin/sh;
			shellScript = "set -e\n\nmkdir -p \"${BUILT_PRODUCTS_DIR}/${PRODUCT_NAME}.framework/Versions/A/Headers\"\n\n# Link the \"Current\" version to \"A\"\n/bin/ln -sfh A \"${BUILT_PRODUCTS_DIR}/${PRODUCT_NAME}.framework/Versions/Current\"\n/bin/ln -sfh Versions/Current/Headers \"${BUILT_PRODUCTS_DIR}/${PRODUCT_NAME}.framework/Headers\"\n/bin/ln -sfh \"Versions/Current/${PRODUCT_NAME}\" \"${BUILT_PRODUCTS_DIR}/${PRODUCT_NAME}.framework/${PRODUCT_NAME}\"\n\n# The -a ensures that the headers maintain the source modification date so that we don't constantly\n# cause propagating rebuilds of files that import these headers.\n/bin/cp -a \"${TARGET_BUILD_DIR}/${PUBLIC_HEADERS_FOLDER_PATH}/\" \"${BUILT_PRODUCTS_DIR}/${PRODUCT_NAME}.framework/Versions/A/Headers\"";
		};
		9994D1C116FE3CAF00AB071B /* Build Framework */ = {
			isa = PBXShellScriptBuildPhase;
			buildActionMask = 2147483647;
			files = (
			);
			inputPaths = (
			);
			name = "Build Framework";
			outputPaths = (
			);
			runOnlyForDeploymentPostprocessing = 0;
			shellPath = /bin/sh;
			shellScript = "set -e\nset +u\n# Avoid recursively calling this script.\nif [[ $SF_MASTER_SCRIPT_RUNNING ]]\nthen\nexit 0\nfi\nset -u\nexport SF_MASTER_SCRIPT_RUNNING=1\n\nSF_TARGET_NAME=${PROJECT_NAME}\nSF_EXECUTABLE_PATH=\"lib${SF_TARGET_NAME}.a\"\nSF_WRAPPER_NAME=\"${SF_TARGET_NAME}.framework\"\n\n# The following conditionals come from\n# https://github.com/kstenerud/iOS-Universal-Framework\n\nif [[ \"$SDK_NAME\" =~ ([A-Za-z]+) ]]\nthen\nSF_SDK_PLATFORM=${BASH_REMATCH[1]}\nelse\necho \"Could not find platform name from SDK_NAME: $SDK_NAME\"\nexit 1\nfi\n\nif [[ \"$SDK_NAME\" =~ ([0-9]+.*$) ]]\nthen\nSF_SDK_VERSION=${BASH_REMATCH[1]}\nelse\necho \"Could not find sdk version from SDK_NAME: $SDK_NAME\"\nexit 1\nfi\n\nif [[ \"$SF_SDK_PLATFORM\" = \"iphoneos\" ]]\nthen\nSF_OTHER_PLATFORM=iphonesimulator\nelse\nSF_OTHER_PLATFORM=iphoneos\nfi\n\nif [[ \"$BUILT_PRODUCTS_DIR\" =~ (.*)$SF_SDK_PLATFORM$ ]]\nthen\nSF_OTHER_BUILT_PRODUCTS_DIR=\"${BASH_REMATCH[1]}${SF_OTHER_PLATFORM}\"\nelse\necho \"Could not find platform name from build products directory: $BUILT_PRODUCTS_DIR\"\nexit 1\nfi\n\n# Build the other platform.\nxcodebuild -project \"${PROJECT_FILE_PATH}\" -target \"${TARGET_NAME}\" -configuration \"${CONFIGURATION}\" -sdk ${SF_OTHER_PLATFORM}${SF_SDK_VERSION} BUILD_DIR=\"${BUILD_DIR}\" OBJROOT=\"${OBJROOT}\" BUILD_ROOT=\"${BUILD_ROOT}\" SYMROOT=\"${SYMROOT}\" $ACTION\n\n# Smash the two static libraries into one fat binary and store it in the .framework\nlipo -create \"${BUILT_PRODUCTS_DIR}/${SF_EXECUTABLE_PATH}\" \"${SF_OTHER_BUILT_PRODUCTS_DIR}/${SF_EXECUTABLE_PATH}\" -output \"${BUILT_PRODUCTS_DIR}/${SF_WRAPPER_NAME}/Versions/A/${SF_TARGET_NAME}\"\n\n# Copy the binary to the other architecture folder to have a complete framework in both.\ncp -a \"${BUILT_PRODUCTS_DIR}/${SF_WRAPPER_NAME}/Versions/A/${SF_TARGET_NAME}\" \"${SF_OTHER_BUILT_PRODUCTS_DIR}/${SF_WRAPPER_NAME}/Versions/A/${SF_TARGET_NAME}\"";
		};
/* End PBXShellScriptBuildPhase section */

/* Begin PBXSourcesBuildPhase section */
		9994D1A016FE3ABF00AB071B /* Sources */ = {
			isa = PBXSourcesBuildPhase;
			buildActionMask = 2147483647;
			files = (
				9994D1AF16FE3ABF00AB071B /* iCloud.m in Sources */,
				9994D1B716FE3B3B00AB071B /* iCloudDocument.m in Sources */,
			);
			runOnlyForDeploymentPostprocessing = 0;
		};
/* End PBXSourcesBuildPhase section */

/* Begin PBXTargetDependency section */
		9994D1C016FE3C8C00AB071B /* PBXTargetDependency */ = {
			isa = PBXTargetDependency;
			target = 9994D1A316FE3ABF00AB071B /* iCloud */;
			targetProxy = 9994D1BF16FE3C8C00AB071B /* PBXContainerItemProxy */;
		};
/* End PBXTargetDependency section */

/* Begin XCBuildConfiguration section */
		9994D1B016FE3ABF00AB071B /* Debug */ = {
			isa = XCBuildConfiguration;
			buildSettings = {
				ALWAYS_SEARCH_USER_PATHS = NO;
				CLANG_CXX_LANGUAGE_STANDARD = "gnu++0x";
				CLANG_CXX_LIBRARY = "libc++";
				CLANG_ENABLE_OBJC_ARC = YES;
				CLANG_WARN_CONSTANT_CONVERSION = YES;
				CLANG_WARN_EMPTY_BODY = YES;
				CLANG_WARN_ENUM_CONVERSION = YES;
				CLANG_WARN_INT_CONVERSION = YES;
				CLANG_WARN__DUPLICATE_METHOD_MATCH = YES;
				COPY_PHASE_STRIP = NO;
				GCC_C_LANGUAGE_STANDARD = gnu99;
				GCC_DYNAMIC_NO_PIC = NO;
				GCC_OPTIMIZATION_LEVEL = 0;
				GCC_PREPROCESSOR_DEFINITIONS = (
					"DEBUG=1",
					"$(inherited)",
				);
				GCC_SYMBOLS_PRIVATE_EXTERN = NO;
				GCC_WARN_ABOUT_RETURN_TYPE = YES;
				GCC_WARN_UNINITIALIZED_AUTOS = YES;
				GCC_WARN_UNUSED_VARIABLE = YES;
				IPHONEOS_DEPLOYMENT_TARGET = 5.0;
				ONLY_ACTIVE_ARCH = YES;
				SDKROOT = iphoneos;
			};
			name = Debug;
		};
		9994D1B116FE3ABF00AB071B /* Release */ = {
			isa = XCBuildConfiguration;
			buildSettings = {
				ALWAYS_SEARCH_USER_PATHS = NO;
				CLANG_CXX_LANGUAGE_STANDARD = "gnu++0x";
				CLANG_CXX_LIBRARY = "libc++";
				CLANG_ENABLE_OBJC_ARC = YES;
				CLANG_WARN_CONSTANT_CONVERSION = YES;
				CLANG_WARN_EMPTY_BODY = YES;
				CLANG_WARN_ENUM_CONVERSION = YES;
				CLANG_WARN_INT_CONVERSION = YES;
				CLANG_WARN__DUPLICATE_METHOD_MATCH = YES;
				COPY_PHASE_STRIP = YES;
				GCC_C_LANGUAGE_STANDARD = gnu99;
				GCC_WARN_ABOUT_RETURN_TYPE = YES;
				GCC_WARN_UNINITIALIZED_AUTOS = YES;
				GCC_WARN_UNUSED_VARIABLE = YES;
				IPHONEOS_DEPLOYMENT_TARGET = 5.0;
				SDKROOT = iphoneos;
				VALIDATE_PRODUCT = YES;
			};
			name = Release;
		};
		9994D1B316FE3ABF00AB071B /* Debug */ = {
			isa = XCBuildConfiguration;
			buildSettings = {
				COPY_PHASE_STRIP = NO;
				DEAD_CODE_STRIPPING = NO;
				DSTROOT = /tmp/iCloud.dst;
				GCC_PRECOMPILE_PREFIX_HEADER = YES;
				GCC_PREFIX_HEADER = "iCloud/iCloud-Prefix.pch";
				IPHONEOS_DEPLOYMENT_TARGET = 5.0;
				OTHER_LDFLAGS = "-ObjC";
				PRODUCT_NAME = "$(TARGET_NAME)";
				PUBLIC_HEADERS_FOLDER_PATH = "$(PROJECT_NAME)Headers";
				SKIP_INSTALL = YES;
				STRIP_STYLE = "non-global";
			};
			name = Debug;
		};
		9994D1B416FE3ABF00AB071B /* Release */ = {
			isa = XCBuildConfiguration;
			buildSettings = {
				COPY_PHASE_STRIP = NO;
				DEAD_CODE_STRIPPING = NO;
				DSTROOT = /tmp/iCloud.dst;
				GCC_PRECOMPILE_PREFIX_HEADER = YES;
				GCC_PREFIX_HEADER = "iCloud/iCloud-Prefix.pch";
				IPHONEOS_DEPLOYMENT_TARGET = 5.0;
				OTHER_LDFLAGS = "-ObjC";
				PRODUCT_NAME = "$(TARGET_NAME)";
				PUBLIC_HEADERS_FOLDER_PATH = "$(PROJECT_NAME)Headers";
				SKIP_INSTALL = YES;
				STRIP_STYLE = "non-global";
			};
			name = Release;
		};
		9994D1BD16FE3C8400AB071B /* Debug */ = {
			isa = XCBuildConfiguration;
			buildSettings = {
				ARCHS = "$(ARCHS_STANDARD)";
				IPHONEOS_DEPLOYMENT_TARGET = 5.0;
				PRODUCT_NAME = "$(TARGET_NAME)";
			};
			name = Debug;
		};
		9994D1BE16FE3C8400AB071B /* Release */ = {
			isa = XCBuildConfiguration;
			buildSettings = {
				ARCHS = "$(ARCHS_STANDARD)";
				IPHONEOS_DEPLOYMENT_TARGET = 5.0;
				PRODUCT_NAME = "$(TARGET_NAME)";
			};
			name = Release;
		};
/* End XCBuildConfiguration section */

/* Begin XCConfigurationList section */
		9994D19F16FE3ABF00AB071B /* Build configuration list for PBXProject "iCloud" */ = {
			isa = XCConfigurationList;
			buildConfigurations = (
				9994D1B016FE3ABF00AB071B /* Debug */,
				9994D1B116FE3ABF00AB071B /* Release */,
			);
			defaultConfigurationIsVisible = 0;
			defaultConfigurationName = Release;
		};
		9994D1B216FE3ABF00AB071B /* Build configuration list for PBXNativeTarget "iCloud" */ = {
			isa = XCConfigurationList;
			buildConfigurations = (
				9994D1B316FE3ABF00AB071B /* Debug */,
				9994D1B416FE3ABF00AB071B /* Release */,
			);
			defaultConfigurationIsVisible = 0;
			defaultConfigurationName = Release;
		};
		9994D1BC16FE3C8400AB071B /* Build configuration list for PBXAggregateTarget "Framework" */ = {
			isa = XCConfigurationList;
			buildConfigurations = (
				9994D1BD16FE3C8400AB071B /* Debug */,
				9994D1BE16FE3C8400AB071B /* Release */,
			);
			defaultConfigurationIsVisible = 0;
			defaultConfigurationName = Release;
		};
/* End XCConfigurationList section */
	};
	rootObject = 9994D19C16FE3ABF00AB071B /* Project object */;
}
